
Microsoft Visual Studio Solution File, Format Version 12.00
# Visual Studio Version 17
VisualStudioVersion = 17.11.35303.130
MinimumVisualStudioVersion = 10.0.40219.1
Project("{FAE04EC0-301F-11D3-BF4B-00C04F79EFBC}") = "ExtryDev", "ExtryDev\ExtryDev.csproj", "{509F24DF-9D59-42A2-B6DA-0348C5546434}"
EndProject
Global
	GlobalSection(SolutionConfigurationPlatforms) = preSolution
		Debug|Any CPU = Debug|Any CPU
		Release|Any CPU = Release|Any CPU
	EndGlobalSection
	GlobalSection(ProjectConfigurationPlatforms) = postSolution
		{509F24DF-9D59-42A2-B6DA-0348C5546434}.Debug|Any CPU.ActiveCfg = Debug|Any CPU
		{509F24DF-9D59-42A2-B6DA-0348C5546434}.Debug|Any CPU.Build.0 = Debug|Any CPU
		{509F24DF-9D59-42A2-B6DA-0348C5546434}.Release|Any CPU.ActiveCfg = Release|Any CPU
		{509F24DF-9D59-42A2-B6DA-0348C5546434}.Release|Any CPU.Build.0 = Release|Any CPU
	EndGlobalSection
	GlobalSection(SolutionProperties) = preSolution
		HideSolutionNode = FALSE
	EndGlobalSection
	GlobalSection(ExtensibilityGlobals) = postSolution
		SolutionGuid = {6BA186B8-408D-497A-A585-63C7AD1CE03F}
	EndGlobalSection
EndGlobal
